
Microsoft Visual Studio Solution File, Format Version 12.00
# Visual Studio Version 17
VisualStudioVersion = 17.13.35825.156 d17.13
MinimumVisualStudioVersion = 10.0.40219.1
Project("{FAE04EC0-301F-11D3-BF4B-00C04F79EFBC}") = "RestApiLabb1", "RestApiLabb1.csproj", "{5F20B689-C47E-419C-8169-9D1AF71F3D1D}"
EndProject
Global
	GlobalSection(SolutionConfigurationPlatforms) = preSolution
		Debug|Any CPU = Debug|Any CPU
		Release|Any CPU = Release|Any CPU
	EndGlobalSection
	GlobalSection(ProjectConfigurationPlatforms) = postSolution
		{5F20B689-C47E-419C-8169-9D1AF71F3D1D}.Debug|Any CPU.ActiveCfg = Debug|Any CPU
		{5F20B689-C47E-419C-8169-9D1AF71F3D1D}.Debug|Any CPU.Build.0 = Debug|Any CPU
		{5F20B689-C47E-419C-8169-9D1AF71F3D1D}.Release|Any CPU.ActiveCfg = Release|Any CPU
		{5F20B689-C47E-419C-8169-9D1AF71F3D1D}.Release|Any CPU.Build.0 = Release|Any CPU
	EndGlobalSection
	GlobalSection(SolutionProperties) = preSolution
		HideSolutionNode = FALSE
	EndGlobalSection
	GlobalSection(ExtensibilityGlobals) = postSolution
		SolutionGuid = {DCE73B90-F465-4937-8FEF-B7599321CB62}
	EndGlobalSection
EndGlobal
